// !$*UTF8*$!
{
	archiveVersion = 1;
	classes = {
	};
	objectVersion = 46;
	objects = {

/* Begin PBXBuildFile section */
		9FA452251F024CE600C4AE86 /* main.m in Sources */ = {isa = PBXBuildFile; fileRef = 9FA452241F024CE600C4AE86 /* main.m */; };
		9FA452281F024CE600C4AE86 /* AppDelegate.m in Sources */ = {isa = PBXBuildFile; fileRef = 9FA452271F024CE600C4AE86 /* AppDelegate.m */; };
		9FA4522B1F024CE600C4AE86 /* ViewController.m in Sources */ = {isa = PBXBuildFile; fileRef = 9FA4522A1F024CE600C4AE86 /* ViewController.m */; };
		9FA4522E1F024CE600C4AE86 /* Main.storyboard in Resources */ = {isa = PBXBuildFile; fileRef = 9FA4522C1F024CE600C4AE86 /* Main.storyboard */; };
		9FA452301F024CE600C4AE86 /* Assets.xcassets in Resources */ = {isa = PBXBuildFile; fileRef = 9FA4522F1F024CE600C4AE86 /* Assets.xcassets */; };
		9FA452331F024CE600C4AE86 /* LaunchScreen.storyboard in Resources */ = {isa = PBXBuildFile; fileRef = 9FA452311F024CE600C4AE86 /* LaunchScreen.storyboard */; };
		9FA4523B1F024EBC00C4AE86 /* fuImage.jpeg in Resources */ = {isa = PBXBuildFile; fileRef = 9FA4523A1F024EBC00C4AE86 /* fuImage.jpeg */; };
/* End PBXBuildFile section */

/* Begin PBXFileReference section */
		9FA452201F024CE600C4AE86 /* YYH_SceneKit_SCNGeometry.app */ = {isa = PBXFileReference; explicitFileType = wrapper.application; includeInIndex = 0; path = YYH_SceneKit_SCNGeometry.app; sourceTree = BUILT_PRODUCTS_DIR; };
		9FA452241F024CE600C4AE86 /* main.m */ = {isa = PBXFileReference; lastKnownFileType = sourcecode.c.objc; path = main.m; sourceTree = "<group>"; };
		9FA452261F024CE600C4AE86 /* AppDelegate.h */ = {isa = PBXFileReference; lastKnownFileType = sourcecode.c.h; path = AppDelegate.h; sourceTree = "<group>"; };
		9FA452271F024CE600C4AE86 /* AppDelegate.m */ = {isa = PBXFileReference; lastKnownFileType = sourcecode.c.objc; path = AppDelegate.m; sourceTree = "<group>"; };
		9FA452291F024CE600C4AE86 /* ViewController.h */ = {isa = PBXFileReference; lastKnownFileType = sourcecode.c.h; path = ViewController.h; sourceTree = "<group>"; };
		9FA4522A1F024CE600C4AE86 /* ViewController.m */ = {isa = PBXFileReference; lastKnownFileType = sourcecode.c.objc; path = ViewController.m; sourceTree = "<group>"; };
		9FA4522D1F024CE600C4AE86 /* Base */ = {isa = PBXFileReference; lastKnownFileType = file.storyboard; name = Base; path = Base.lproj/Main.storyboard; sourceTree = "<group>"; };
		9FA4522F1F024CE600C4AE86 /* Assets.xcassets */ = {isa = PBXFileReference; lastKnownFileType = folder.assetcatalog; path = Assets.xcassets; sourceTree = "<group>"; };
		9FA452321F024CE600C4AE86 /* Base */ = {isa = PBXFileReference; lastKnownFileType = file.storyboard; name = Base; path = Base.lproj/LaunchScreen.storyboard; sourceTree = "<group>"; };
		9FA452341F024CE600C4AE86 /* Info.plist */ = {isa = PBXFileReference; lastKnownFileType = text.plist.xml; path = Info.plist; sourceTree = "<group>"; };
		9FA4523A1F024EBC00C4AE86 /* fuImage.jpeg */ = {isa = PBXFileReference; lastKnownFileType = image.jpeg; path = fuImage.jpeg; sourceTree = "<group>"; };
/* End PBXFileReference section */

/* Begin PBXFrameworksBuildPhase section */
		9FA4521D1F024CE600C4AE86 /* Frameworks */ = {
			isa = PBXFrameworksBuildPhase;
			buildActionMask = 2147483647;
			files = (
			);
			runOnlyForDeploymentPostprocessing = 0;
		};
/* End PBXFrameworksBuildPhase section */

/* Begin PBXGroup section */
		9FA452171F024CE500C4AE86 = {
			isa = PBXGroup;
			children = (
				9FA452221F024CE600C4AE86 /* YYH_SceneKit_SCNGeometry */,
				9FA452211F024CE600C4AE86 /* Products */,
			);
			sourceTree = "<group>";
		};
		9FA452211F024CE600C4AE86 /* Products */ = {
			isa = PBXGroup;
			children = (
				9FA452201F024CE600C4AE86 /* YYH_SceneKit_SCNGeometry.app */,
			);
			name = Products;
			sourceTree = "<group>";
		};
		9FA452221F024CE600C4AE86 /* YYH_SceneKit_SCNGeometry */ = {
			isa = PBXGroup;
			children = (
				9FA452261F024CE600C4AE86 /* AppDelegate.h */,
				9FA452271F024CE600C4AE86 /* AppDelegate.m */,
				9FA452291F024CE600C4AE86 /* ViewController.h */,
				9FA4522A1F024CE600C4AE86 /* ViewController.m */,
				9FA4523A1F024EBC00C4AE86 /* fuImage.jpeg */,
				9FA4522C1F024CE600C4AE86 /* Main.storyboard */,
				9FA4522F1F024CE600C4AE86 /* Assets.xcassets */,
				9FA452311F024CE600C4AE86 /* LaunchScreen.storyboard */,
				9FA452341F024CE600C4AE86 /* Info.plist */,
				9FA452231F024CE600C4AE86 /* Supporting Files */,
			);
			path = YYH_SceneKit_SCNGeometry;
			sourceTree = "<group>";
		};
		9FA452231F024CE600C4AE86 /* Supporting Files */ = {
			isa = PBXGroup;
			children = (
				9FA452241F024CE600C4AE86 /* main.m */,
			);
			name = "Supporting Files";
			sourceTree = "<group>";
		};
/* End PBXGroup section */

/* Begin PBXNativeTarget section */
		9FA4521F1F024CE600C4AE86 /* YYH_SceneKit_SCNGeometry */ = {
			isa = PBXNativeTarget;
			buildConfigurationList = 9FA452371F024CE600C4AE86 /* Build configuration list for PBXNativeTarget "YYH_SceneKit_SCNGeometry" */;
			buildPhases = (
				9FA4521C1F024CE600C4AE86 /* Sources */,
				9FA4521D1F024CE600C4AE86 /* Frameworks */,
				9FA4521E1F024CE600C4AE86 /* Resources */,
			);
			buildRules = (
			);
			dependencies = (
			);
			name = YYH_SceneKit_SCNGeometry;
			productName = YYH_SceneKit_SCNGeometry;
			productReference = 9FA452201F024CE600C4AE86 /* YYH_SceneKit_SCNGeometry.app */;
			productType = "com.apple.product-type.application";
		};
/* End PBXNativeTarget section */

/* Begin PBXProject section */
		9FA452181F024CE600C4AE86 /* Project object */ = {
			isa = PBXProject;
			attributes = {
				LastUpgradeCheck = 0830;
				ORGANIZATIONNAME = "杨昱航";
				TargetAttributes = {
					9FA4521F1F024CE600C4AE86 = {
						CreatedOnToolsVersion = 8.3.3;
						DevelopmentTeam = 3M74572AV3;
						ProvisioningStyle = Automatic;
					};
				};
			};
			buildConfigurationList = 9FA4521B1F024CE600C4AE86 /* Build configuration list for PBXProject "YYH_SceneKit_SCNGeometry" */;
			compatibilityVersion = "Xcode 3.2";
			developmentRegion = English;
			hasScannedForEncodings = 0;
			knownRegions = (
				en,
				Base,
			);
			mainGroup = 9FA452171F024CE500C4AE86;
			productRefGroup = 9FA452211F024CE600C4AE86 /* Products */;
			projectDirPath = "";
			projectRoot = "";
			targets = (
				9FA4521F1F024CE600C4AE86 /* YYH_SceneKit_SCNGeometry */,
			);
		};
/* End PBXProject section */

/* Begin PBXResourcesBuildPhase section */
		9FA4521E1F024CE600C4AE86 /* Resources */ = {
			isa = PBXResourcesBuildPhase;
			buildActionMask = 2147483647;
			files = (
				9FA452331F024CE600C4AE86 /* LaunchScreen.storyboard in Resources */,
				9FA452301F024CE600C4AE86 /* Assets.xcassets in Resources */,
				9FA4523B1F024EBC00C4AE86 /* fuImage.jpeg in Resources */,
				9FA4522E1F024CE600C4AE86 /* Main.storyboard in Resources */,
			);
			runOnlyForDeploymentPostprocessing = 0;
		};
/* End PBXResourcesBuildPhase section */

/* Begin PBXSourcesBuildPhase section */
		9FA4521C1F024CE600C4AE86 /* Sources */ = {
			isa = PBXSourcesBuildPhase;
			buildActionMask = 2147483647;
			files = (
				9FA4522B1F024CE600C4AE86 /* ViewController.m in Sources */,
				9FA452281F024CE600C4AE86 /* AppDelegate.m in Sources */,
				9FA452251F024CE600C4AE86 /* main.m in Sources */,
			);
			runOnlyForDeploymentPostprocessing = 0;
		};
/* End PBXSourcesBuildPhase section */

/* Begin PBXVariantGroup section */
		9FA4522C1F024CE600C4AE86 /* Main.storyboard */ = {
			isa = PBXVariantGroup;
			children = (
				9FA4522D1F024CE600C4AE86 /* Base */,
			);
			name = Main.storyboard;
			sourceTree = "<group>";
		};
		9FA452311F024CE600C4AE86 /* LaunchScreen.storyboard */ = {
			isa = PBXVariantGroup;
			children = (
				9FA452321F024CE600C4AE86 /* Base */,
			);
			name = LaunchScreen.storyboard;
			sourceTree = "<group>";
		};
/* End PBXVariantGroup section */

/* Begin XCBuildConfiguration section */
		9FA452351F024CE600C4AE86 /* Debug */ = {
			isa = XCBuildConfiguration;
			buildSettings = {
				ALWAYS_SEARCH_USER_PATHS = NO;
				CLANG_ANALYZER_NONNULL = YES;
				CLANG_ANALYZER_NUMBER_OBJECT_CONVERSION = YES_AGGRESSIVE;
				CLANG_CXX_LANGUAGE_STANDARD = "gnu++0x";
				CLANG_CXX_LIBRARY = "libc++";
				CLANG_ENABLE_MODULES = YES;
				CLANG_ENABLE_OBJC_ARC = YES;
				CLANG_WARN_BOOL_CONVERSION = YES;
				CLANG_WARN_CONSTANT_CONVERSION = YES;
				CLANG_WARN_DIRECT_OBJC_ISA_USAGE = YES_ERROR;
				CLANG_WARN_DOCUMENTATION_COMMENTS = YES;
				CLANG_WARN_EMPTY_BODY = YES;
				CLANG_WARN_ENUM_CONVERSION = YES;
				CLANG_WARN_INFINITE_RECURSION = YES;
				CLANG_WARN_INT_CONVERSION = YES;
				CLANG_WARN_OBJC_ROOT_CLASS = YES_ERROR;
				CLANG_WARN_SUSPICIOUS_MOVE = YES;
				CLANG_WARN_UNREACHABLE_CODE = YES;
				CLANG_WARN__DUPLICATE_METHOD_MATCH = YES;
				"CODE_SIGN_IDENTITY[sdk=iphoneos*]" = "iPhone Developer";
				COPY_PHASE_STRIP = NO;
				DEBUG_INFORMATION_FORMAT = dwarf;
				ENABLE_STRICT_OBJC_MSGSEND = YES;
				ENABLE_TESTABILITY = YES;
				GCC_C_LANGUAGE_STANDARD = gnu99;
				GCC_DYNAMIC_NO_PIC = NO;
				GCC_NO_COMMON_BLOCKS = YES;
				GCC_OPTIMIZATION_LEVEL = 0;
				GCC_PREPROCESSOR_DEFINITIONS = (
					"DEBUG=1",
					"$(inherited)",
				);
				GCC_WARN_64_TO_32_BIT_CONVERSION = YES;
				GCC_WARN_ABOUT_RETURN_TYPE = YES_ERROR;
				GCC_WARN_UNDECLARED_SELECTOR = YES;
				GCC_WARN_UNINITIALIZED_AUTOS = YES_AGGRESSIVE;
				GCC_WARN_UNUSED_FUNCTION = YES;
				GCC_WARN_UNUSED_VARIABLE = YES;
				IPHONEOS_DEPLOYMENT_TARGET = 10.3;
				MTL_ENABLE_DEBUG_INFO = YES;
				ONLY_ACTIVE_ARCH = YES;
				SDKROOT = iphoneos;
			};
			name = Debug;
		};
		9FA452361F024CE600C4AE86 /* Release */ = {
			isa = XCBuildConfiguration;
			buildSettings = {
				ALWAYS_SEARCH_USER_PATHS = NO;
				CLANG_ANALYZER_NONNULL = YES;
				CLANG_ANALYZER_NUMBER_OBJECT_CONVERSION = YES_AGGRESSIVE;
				CLANG_CXX_LANGUAGE_STANDARD = "gnu++0x";
				CLANG_CXX_LIBRARY = "libc++";
				CLANG_ENABLE_MODULES = YES;
				CLANG_ENABLE_OBJC_ARC = YES;
				CLANG_WARN_BOOL_CONVERSION = YES;
				CLANG_WARN_CONSTANT_CONVERSION = YES;
				CLANG_WARN_DIRECT_OBJC_ISA_USAGE = YES_ERROR;
				CLANG_WARN_DOCUMENTATION_COMMENTS = YES;
				CLANG_WARN_EMPTY_BODY = YES;
				CLANG_WARN_ENUM_CONVERSION = YES;
				CLANG_WARN_INFINITE_RECURSION = YES;
				CLANG_WARN_INT_CONVERSION = YES;
				CLANG_WARN_OBJC_ROOT_CLASS = YES_ERROR;
				CLANG_WARN_SUSPICIOUS_MOVE = YES;
				CLANG_WARN_UNREACHABLE_CODE = YES;
				CLANG_WARN__DUPLICATE_METHOD_MATCH = YES;
				"CODE_SIGN_IDENTITY[sdk=iphoneos*]" = "iPhone Developer";
				COPY_PHASE_STRIP = NO;
				DEBUG_INFORMATION_FORMAT = "dwarf-with-dsym";
				ENABLE_NS_ASSERTIONS = NO;
				ENABLE_STRICT_OBJC_MSGSEND = YES;
				GCC_C_LANGUAGE_STANDARD = gnu99;
				GCC_NO_COMMON_BLOCKS = YES;
				GCC_WARN_64_TO_32_BIT_CONVERSION = YES;
				GCC_WARN_ABOUT_RETURN_TYPE = YES_ERROR;
				GCC_WARN_UNDECLARED_SELECTOR = YES;
				GCC_WARN_UNINITIALIZED_AUTOS = YES_AGGRESSIVE;
				GCC_WARN_UNUSED_FUNCTION = YES;
				GCC_WARN_UNUSED_VARIABLE = YES;
				IPHONEOS_DEPLOYMENT_TARGET = 10.3;
				MTL_ENABLE_DEBUG_INFO = NO;
				SDKROOT = iphoneos;
				VALIDATE_PRODUCT = YES;
			};
			name = Release;
		};
		9FA452381F024CE600C4AE86 /* Debug */ = {
			isa = XCBuildConfiguration;
			buildSettings = {
				ASSETCATALOG_COMPILER_APPICON_NAME = AppIcon;
				DEVELOPMENT_TEAM = 3M74572AV3;
				INFOPLIST_FILE = YYH_SceneKit_SCNGeometry/Info.plist;
				LD_RUNPATH_SEARCH_PATHS = "$(inherited) @executable_path/Frameworks";
				PRODUCT_BUNDLE_IDENTIFIER = "com.xiajoy.HuaRenPush.YYH-SceneKit-SCNGeometry";
				PRODUCT_NAME = "$(TARGET_NAME)";
			};
			name = Debug;
		};
		9FA452391F024CE600C4AE86 /* Release */ = {
			isa = XCBuildConfiguration;
			buildSettings = {
				ASSETCATALOG_COMPILER_APPICON_NAME = AppIcon;
				DEVELOPMENT_TEAM = 3M74572AV3;
				INFOPLIST_FILE = YYH_SceneKit_SCNGeometry/Info.plist;
				LD_RUNPATH_SEARCH_PATHS = "$(inherited) @executable_path/Frameworks";
				PRODUCT_BUNDLE_IDENTIFIER = "com.xiajoy.HuaRenPush.YYH-SceneKit-SCNGeometry";
				PRODUCT_NAME = "$(TARGET_NAME)";
			};
			name = Release;
		};
/* End XCBuildConfiguration section */

/* Begin XCConfigurationList section */
		9FA4521B1F024CE600C4AE86 /* Build configuration list for PBXProject "YYH_SceneKit_SCNGeometry" */ = {
			isa = XCConfigurationList;
			buildConfigurations = (
				9FA452351F024CE600C4AE86 /* Debug */,
				9FA452361F024CE600C4AE86 /* Release */,
			);
			defaultConfigurationIsVisible = 0;
			defaultConfigurationName = Release;
		};
		9FA452371F024CE600C4AE86 /* Build configuration list for PBXNativeTarget "YYH_SceneKit_SCNGeometry" */ = {
			isa = XCConfigurationList;
			buildConfigurations = (
				9FA452381F024CE600C4AE86 /* Debug */,
				9FA452391F024CE600C4AE86 /* Release */,
			);
			defaultConfigurationIsVisible = 0;
		};
/* End XCConfigurationList section */
	};
	rootObject = 9FA452181F024CE600C4AE86 /* Project object */;
}
